
Microsoft Visual Studio Solution File, Format Version 12.00
# Visual Studio 15
VisualStudioVersion = 15.0.26730.3
MinimumVisualStudioVersion = 10.0.40219.1
Project("{2150E333-8FDC-42A3-9474-1A3956D46DE8}") = "Solution Items", "Solution Items", "{D36E264D-BB94-4D14-A292-A852A3D6D5F7}"
	ProjectSection(SolutionItems) = preProject
		..\LICENSE = ..\LICENSE
		..\MAKECERT.md = ..\MAKECERT.md
		..\.nuget\NuGet.md = ..\.nuget\NuGet.md
		..\README.md = ..\README.md
		SolutionVersion.cs = SolutionVersion.cs
		..\TCPLIKA.md = ..\TCPLIKA.md
	EndProjectSection
EndProject
Project("{9A19103F-16F7-4668-BE54-9A1E7A4F7556}") = "Cowboy.Sockets.Core", "Cowboy.Sockets.Core\Cowboy.Sockets.Core.csproj", "{E0DEA0C7-5166-43FC-8AA4-9116CFC5D0B9}"
EndProject
Global
	GlobalSection(SolutionConfigurationPlatforms) = preSolution
		Debug|Any CPU = Debug|Any CPU
		Release|Any CPU = Release|Any CPU
	EndGlobalSection
	GlobalSection(ProjectConfigurationPlatforms) = postSolution
		{E0DEA0C7-5166-43FC-8AA4-9116CFC5D0B9}.Debug|Any CPU.ActiveCfg = Debug|Any CPU
		{E0DEA0C7-5166-43FC-8AA4-9116CFC5D0B9}.Debug|Any CPU.Build.0 = Debug|Any CPU
		{E0DEA0C7-5166-43FC-8AA4-9116CFC5D0B9}.Release|Any CPU.ActiveCfg = Release|Any CPU
		{E0DEA0C7-5166-43FC-8AA4-9116CFC5D0B9}.Release|Any CPU.Build.0 = Release|Any CPU
	EndGlobalSection
	GlobalSection(SolutionProperties) = preSolution
		HideSolutionNode = FALSE
	EndGlobalSection
	GlobalSection(ExtensibilityGlobals) = postSolution
		SolutionGuid = {71E8A6D8-4C13-40DA-8F6C-8889263407ED}
	EndGlobalSection
EndGlobal
